
Microsoft Visual Studio Solution File, Format Version 12.00
# Visual Studio 15
VisualStudioVersion = 15.0.26730.15
MinimumVisualStudioVersion = 10.0.40219.1
Project("{FAE04EC0-301F-11D3-BF4B-00C04F79EFBC}") = "bookstore", "bookstore\bookstore.csproj", "{DA37D4AF-CFFA-4F71-B3DD-3EC269953B46}"
EndProject
Global
	GlobalSection(SolutionConfigurationPlatforms) = preSolution
		Debug|Any CPU = Debug|Any CPU
		Release|Any CPU = Release|Any CPU
	EndGlobalSection
	GlobalSection(ProjectConfigurationPlatforms) = postSolution
		{DA37D4AF-CFFA-4F71-B3DD-3EC269953B46}.Debug|Any CPU.ActiveCfg = Debug|Any CPU
		{DA37D4AF-CFFA-4F71-B3DD-3EC269953B46}.Debug|Any CPU.Build.0 = Debug|Any CPU
		{DA37D4AF-CFFA-4F71-B3DD-3EC269953B46}.Release|Any CPU.ActiveCfg = Release|Any CPU
		{DA37D4AF-CFFA-4F71-B3DD-3EC269953B46}.Release|Any CPU.Build.0 = Release|Any CPU
	EndGlobalSection
	GlobalSection(SolutionProperties) = preSolution
		HideSolutionNode = FALSE
	EndGlobalSection
	GlobalSection(ExtensibilityGlobals) = postSolution
		SolutionGuid = {29048DBD-4B6B-44AE-AD04-9E95D70033C1}
	EndGlobalSection
EndGlobal
